
Microsoft Visual Studio Solution File, Format Version 12.00
# Visual Studio 15
VisualStudioVersion = 15.0.26730.12
MinimumVisualStudioVersion = 10.0.40219.1
Project("{FAE04EC0-301F-11D3-BF4B-00C04F79EFBC}") = "csharp-hello-world-example", "csharp-hello-world-example\csharp-hello-world-example.csproj", "{AE993522-4495-4F96-9D11-584E73791528}"
EndProject
Global
	GlobalSection(SolutionConfigurationPlatforms) = preSolution
		Debug|Any CPU = Debug|Any CPU
		Release|Any CPU = Release|Any CPU
	EndGlobalSection
	GlobalSection(ProjectConfigurationPlatforms) = postSolution
		{AE993522-4495-4F96-9D11-584E73791528}.Debug|Any CPU.ActiveCfg = Debug|Any CPU
		{AE993522-4495-4F96-9D11-584E73791528}.Debug|Any CPU.Build.0 = Debug|Any CPU
		{AE993522-4495-4F96-9D11-584E73791528}.Release|Any CPU.ActiveCfg = Release|Any CPU
		{AE993522-4495-4F96-9D11-584E73791528}.Release|Any CPU.Build.0 = Release|Any CPU
	EndGlobalSection
	GlobalSection(SolutionProperties) = preSolution
		HideSolutionNode = FALSE
	EndGlobalSection
	GlobalSection(ExtensibilityGlobals) = postSolution
		SolutionGuid = {84DEDEDB-971A-4070-834F-3C7604D0BCCB}
	EndGlobalSection
EndGlobal
